<?xml version="1.0" encoding="utf-8"?>
<Project ToolsVersion="4.0" xmlns="http://schemas.microsoft.com/developer/msbuild/2003">
  <ItemGroup>
    <Filter Include="CodeBase">
      <UniqueIdentifier>{3BBFFBA1-278C-56AD-50A5-44553CD18B3B}</UniqueIdentifier>
    </Filter>
    <Filter Include="CodeBase\Events">
      <UniqueIdentifier>{BF9A1096-2B26-7E5A-3437-014FA041DA5A}</UniqueIdentifier>
    </Filter>
  </ItemGroup>
  <ItemGroup>
    <ClInclude Include="src\CodeBase.h" />
    <ClInclude Include="src\CodeBase\Application.h">
      <Filter>CodeBase</Filter>
    </ClInclude>
    <ClInclude Include="src\CodeBase\Core.h">
      <Filter>CodeBase</Filter>
    </ClInclude>
    <ClInclude Include="src\CodeBase\EntryPoint.h">
      <Filter>CodeBase</Filter>
    </ClInclude>
    <ClInclude Include="src\CodeBase\Events\ApplicationEvent.h">
      <Filter>CodeBase\Events</Filter>
    </ClInclude>
    <ClInclude Include="src\CodeBase\Events\Event.h">
      <Filter>CodeBase\Events</Filter>
    </ClInclude>
    <ClInclude Include="src\CodeBase\Events\KeyEvent.h">
      <Filter>CodeBase\Events</Filter>
    </ClInclude>
    <ClInclude Include="src\CodeBase\Events\MouseEvent.h">
      <Filter>CodeBase\Events</Filter>
    </ClInclude>
    <ClInclude Include="src\CodeBase\Log.h">
      <Filter>CodeBase</Filter>
    </ClInclude>
  </ItemGroup>
  <ItemGroup>
    <ClCompile Include="src\CodeBase\Application.cpp">
      <Filter>CodeBase</Filter>
    </ClCompile>
    <ClCompile Include="src\CodeBase\Log.cpp">
      <Filter>CodeBase</Filter>
    </ClCompile>
  </ItemGroup>
</Project>