<?xml version="1.0" encoding="utf-8"?>
<Project ToolsVersion="4.0" xmlns="http://schemas.microsoft.com/developer/msbuild/2003">
  <ItemGroup>
    <Filter Include="CodeBase">
      <UniqueIdentifier>{3BBFFBA1-278C-56AD-50A5-44553CD18B3B}</UniqueIdentifier>
    </Filter>
    <Filter Include="CodeBase\Events">
      <UniqueIdentifier>{BF9A1096-2B26-7E5A-3437-014FA041DA5A}</UniqueIdentifier>
    </Filter>
    <Filter Include="CodeBase\ImGui">
      <UniqueIdentifier>{A57443D6-9142-37DC-7AD6-A70266431341}</UniqueIdentifier>
    </Filter>
    <Filter Include="Platform">
      <UniqueIdentifier>{2AC788B4-1694-E3BF-3FAD-D1672BD9184E}</UniqueIdentifier>
    </Filter>
    <Filter Include="Platform\OpenGL">
      <UniqueIdentifier>{1E7D2C1D-8A08-9AE1-9319-1DD6FF23F6E1}</UniqueIdentifier>
    </Filter>
    <Filter Include="Platform\Windows">
      <UniqueIdentifier>{64FBD71A-50F4-F66C-7926-DCF1657ED678}</UniqueIdentifier>
    </Filter>
  </ItemGroup>
  <ItemGroup>
    <ClInclude Include="src\CodeBase.h" />
    <ClInclude Include="src\CodeBase\Application.h">
      <Filter>CodeBase</Filter>
    </ClInclude>
    <ClInclude Include="src\CodeBase\Core.h">
      <Filter>CodeBase</Filter>
    </ClInclude>
    <ClInclude Include="src\CodeBase\EntryPoint.h">
      <Filter>CodeBase</Filter>
    </ClInclude>
    <ClInclude Include="src\CodeBase\Events\ApplicationEvent.h">
      <Filter>CodeBase\Events</Filter>
    </ClInclude>
    <ClInclude Include="src\CodeBase\Events\Event.h">
      <Filter>CodeBase\Events</Filter>
    </ClInclude>
    <ClInclude Include="src\CodeBase\Events\KeyEvent.h">
      <Filter>CodeBase\Events</Filter>
    </ClInclude>
    <ClInclude Include="src\CodeBase\Events\MouseEvent.h">
      <Filter>CodeBase\Events</Filter>
    </ClInclude>
    <ClInclude Include="src\CodeBase\ImGui\ImGuiLayer.h">
      <Filter>CodeBase\ImGui</Filter>
    </ClInclude>
    <ClInclude Include="src\CodeBase\Layer.h">
      <Filter>CodeBase</Filter>
    </ClInclude>
    <ClInclude Include="src\CodeBase\LayerStack.h">
      <Filter>CodeBase</Filter>
    </ClInclude>
    <ClInclude Include="src\CodeBase\Log.h">
      <Filter>CodeBase</Filter>
    </ClInclude>
    <ClInclude Include="src\CodeBase\Window.h">
      <Filter>CodeBase</Filter>
    </ClInclude>
    <ClInclude Include="src\Platform\OpenGL\ImGuiOpenGLRenderer.h">
      <Filter>Platform\OpenGL</Filter>
    </ClInclude>
    <ClInclude Include="src\Platform\Windows\WindowsWindow.h">
      <Filter>Platform\Windows</Filter>
    </ClInclude>
    <ClInclude Include="src\cbpch.h" />
  </ItemGroup>
  <ItemGroup>
    <ClCompile Include="src\CodeBase\Application.cpp">
      <Filter>CodeBase</Filter>
    </ClCompile>
    <ClCompile Include="src\CodeBase\ImGui\ImGuiLayer.cpp">
      <Filter>CodeBase\ImGui</Filter>
    </ClCompile>
    <ClCompile Include="src\CodeBase\Layer.cpp">
      <Filter>CodeBase</Filter>
    </ClCompile>
    <ClCompile Include="src\CodeBase\LayerStack.cpp">
      <Filter>CodeBase</Filter>
    </ClCompile>
    <ClCompile Include="src\CodeBase\Log.cpp">
      <Filter>CodeBase</Filter>
    </ClCompile>
    <ClCompile Include="src\Platform\OpenGL\ImGuiOpenGLRenderer.cpp">
      <Filter>Platform\OpenGL</Filter>
    </ClCompile>
    <ClCompile Include="src\Platform\Windows\WindowsWindow.cpp">
      <Filter>Platform\Windows</Filter>
    </ClCompile>
    <ClCompile Include="src\cbpch.cpp" />
  </ItemGroup>
</Project>